
Microsoft Visual Studio Solution File, Format Version 12.00
# Visual Studio 14
VisualStudioVersion = 14.0.23107.0
MinimumVisualStudioVersion = 10.0.40219.1
Project("{FAE04EC0-301F-11D3-BF4B-00C04F79EFBC}") = "ATM", "ATM\ATM.csproj", "{F8DA8687-81CE-40B7-A9F1-B2009B6DA4EE}"
EndProject
Project("{FAE04EC0-301F-11D3-BF4B-00C04F79EFBC}") = "ATM.Test", "ATM.Test\ATM.Test.csproj", "{FEFC262A-5E7F-4945-A8BC-BEEB6EDC81A2}"
EndProject
Global
	GlobalSection(SolutionConfigurationPlatforms) = preSolution
		Debug|Any CPU = Debug|Any CPU
		Release|Any CPU = Release|Any CPU
	EndGlobalSection
	GlobalSection(ProjectConfigurationPlatforms) = postSolution
		{F8DA8687-81CE-40B7-A9F1-B2009B6DA4EE}.Debug|Any CPU.ActiveCfg = Debug|Any CPU
		{F8DA8687-81CE-40B7-A9F1-B2009B6DA4EE}.Debug|Any CPU.Build.0 = Debug|Any CPU
		{F8DA8687-81CE-40B7-A9F1-B2009B6DA4EE}.Release|Any CPU.ActiveCfg = Release|Any CPU
		{F8DA8687-81CE-40B7-A9F1-B2009B6DA4EE}.Release|Any CPU.Build.0 = Release|Any CPU
		{FEFC262A-5E7F-4945-A8BC-BEEB6EDC81A2}.Debug|Any CPU.ActiveCfg = Debug|Any CPU
		{FEFC262A-5E7F-4945-A8BC-BEEB6EDC81A2}.Debug|Any CPU.Build.0 = Debug|Any CPU
		{FEFC262A-5E7F-4945-A8BC-BEEB6EDC81A2}.Release|Any CPU.ActiveCfg = Release|Any CPU
		{FEFC262A-5E7F-4945-A8BC-BEEB6EDC81A2}.Release|Any CPU.Build.0 = Release|Any CPU
	EndGlobalSection
	GlobalSection(SolutionProperties) = preSolution
		HideSolutionNode = FALSE
	EndGlobalSection
EndGlobal
